
Microsoft Visual Studio Solution File, Format Version 12.00
# Visual Studio Version 16
VisualStudioVersion = 16.0.31624.102
MinimumVisualStudioVersion = 10.0.40219.1
Project("{FAE04EC0-301F-11D3-BF4B-00C04F79EFBC}") = "TMS.Ex2", "TMS.Ex2\TMS.Ex2.csproj", "{FE1A23D8-2909-4940-9413-F7D48EDA4F3A}"
EndProject
Global
	GlobalSection(SolutionConfigurationPlatforms) = preSolution
		Debug|Any CPU = Debug|Any CPU
		Release|Any CPU = Release|Any CPU
	EndGlobalSection
	GlobalSection(ProjectConfigurationPlatforms) = postSolution
		{FE1A23D8-2909-4940-9413-F7D48EDA4F3A}.Debug|Any CPU.ActiveCfg = Debug|Any CPU
		{FE1A23D8-2909-4940-9413-F7D48EDA4F3A}.Debug|Any CPU.Build.0 = Debug|Any CPU
		{FE1A23D8-2909-4940-9413-F7D48EDA4F3A}.Release|Any CPU.ActiveCfg = Release|Any CPU
		{FE1A23D8-2909-4940-9413-F7D48EDA4F3A}.Release|Any CPU.Build.0 = Release|Any CPU
	EndGlobalSection
	GlobalSection(SolutionProperties) = preSolution
		HideSolutionNode = FALSE
	EndGlobalSection
	GlobalSection(ExtensibilityGlobals) = postSolution
		SolutionGuid = {5F636C3D-39F7-4942-9CC6-97B1640481F2}
	EndGlobalSection
EndGlobal
